
Microsoft Visual Studio Solution File, Format Version 12.00
# Visual Studio Version 17
VisualStudioVersion = 17.5.33530.505
MinimumVisualStudioVersion = 10.0.40219.1
Project("{2150E333-8FDC-42A3-9474-1A3956D46DE8}") = "Solution Items", "Solution Items", "{69250C16-6643-4BE4-803E-67563A9EBE24}"
	ProjectSection(SolutionItems) = preProject
		.dockerignore = .dockerignore
		.editorconfig = .editorconfig
		.gitattributes = .gitattributes
		.gitignore = .gitignore
		LICENSE = LICENSE
		README.md = README.md
	EndProjectSection
EndProject
Project("{2150E333-8FDC-42A3-9474-1A3956D46DE8}") = "Application", "Application", "{76E03FE8-108C-4E84-B865-F2A217D5977D}"
EndProject
Project("{9A19103F-16F7-4668-BE54-9A1E7A4F7556}") = "FileInsurancePolicies.API", "FileInsurancePolicies.API\FileInsurancePolicies.API.csproj", "{DD391389-3F5F-4B19-A67F-E44FD452007B}"
EndProject
Global
	GlobalSection(SolutionConfigurationPlatforms) = preSolution
		Debug|Any CPU = Debug|Any CPU
		Release|Any CPU = Release|Any CPU
	EndGlobalSection
	GlobalSection(ProjectConfigurationPlatforms) = postSolution
		{DD391389-3F5F-4B19-A67F-E44FD452007B}.Debug|Any CPU.ActiveCfg = Debug|Any CPU
		{DD391389-3F5F-4B19-A67F-E44FD452007B}.Debug|Any CPU.Build.0 = Debug|Any CPU
		{DD391389-3F5F-4B19-A67F-E44FD452007B}.Release|Any CPU.ActiveCfg = Release|Any CPU
		{DD391389-3F5F-4B19-A67F-E44FD452007B}.Release|Any CPU.Build.0 = Release|Any CPU
	EndGlobalSection
	GlobalSection(SolutionProperties) = preSolution
		HideSolutionNode = FALSE
	EndGlobalSection
	GlobalSection(NestedProjects) = preSolution
		{DD391389-3F5F-4B19-A67F-E44FD452007B} = {76E03FE8-108C-4E84-B865-F2A217D5977D}
	EndGlobalSection
	GlobalSection(ExtensibilityGlobals) = postSolution
		SolutionGuid = {9C33334D-0A10-42CE-9A0D-CFE0326081D0}
	EndGlobalSection
EndGlobal
