
Microsoft Visual Studio Solution File, Format Version 12.00
# Visual Studio Version 17
VisualStudioVersion = 17.5.33530.505
MinimumVisualStudioVersion = 10.0.40219.1
Project("{2150E333-8FDC-42A3-9474-1A3956D46DE8}") = "Solution Items", "Solution Items", "{69250C16-6643-4BE4-803E-67563A9EBE24}"
	ProjectSection(SolutionItems) = preProject
		.dockerignore = .dockerignore
		.editorconfig = .editorconfig
		.gitattributes = .gitattributes
		.gitignore = .gitignore
		LICENSE = LICENSE
		README.md = README.md
	EndProjectSection
EndProject
Project("{2150E333-8FDC-42A3-9474-1A3956D46DE8}") = "Application", "Application", "{76E03FE8-108C-4E84-B865-F2A217D5977D}"
EndProject
Project("{9A19103F-16F7-4668-BE54-9A1E7A4F7556}") = "Vehicle.InsurancePolicies.API", "Vehicle.InsurancePolicies.API\Vehicle.InsurancePolicies.API.csproj", "{A9E39224-3F30-4ADB-9B2D-F33545270321}"
EndProject
Project("{9A19103F-16F7-4668-BE54-9A1E7A4F7556}") = "Vehicle.InsurancePolicies.Contracts", "Vehicle.InsurancePolicies.Contracts\Vehicle.InsurancePolicies.Contracts.csproj", "{5B55D1CF-0627-4B64-BD3F-9447855631BC}"
EndProject
Project("{9A19103F-16F7-4668-BE54-9A1E7A4F7556}") = "Vehicle.InsurancePolicies.Domain", "Vehicle.InsurancePolicies.Domain\Vehicle.InsurancePolicies.Domain.csproj", "{4E84A87B-1B40-4995-966D-F7A6174D9B96}"
EndProject
Project("{9A19103F-16F7-4668-BE54-9A1E7A4F7556}") = "Vehicle.InsurancePolicies.Domain.Entities", "Vehicle.InsurancePolicies.Domain.Entities\Vehicle.InsurancePolicies.Domain.Entities.csproj", "{A0A4947E-BC25-4906-A172-FDFDAA1D2F07}"
EndProject
Project("{9A19103F-16F7-4668-BE54-9A1E7A4F7556}") = "Vehicle.InsurancePolicies.Infrastructure", "Vehicle.InsurancePolicies.Infrastructure\Vehicle.InsurancePolicies.Infrastructure.csproj", "{55D8B26E-EF85-4067-8FB4-552EDBA46A09}"
EndProject
Project("{9A19103F-16F7-4668-BE54-9A1E7A4F7556}") = "Vehicle.InsurancePolicies.Tests", "Vehicle.InsurancePolicies.Tests\Vehicle.InsurancePolicies.Tests.csproj", "{FE4E905D-4B25-44B2-890B-B0388C29AA50}"
EndProject
Global
	GlobalSection(SolutionConfigurationPlatforms) = preSolution
		Debug|Any CPU = Debug|Any CPU
		Release|Any CPU = Release|Any CPU
	EndGlobalSection
	GlobalSection(ProjectConfigurationPlatforms) = postSolution
		{A9E39224-3F30-4ADB-9B2D-F33545270321}.Debug|Any CPU.ActiveCfg = Debug|Any CPU
		{A9E39224-3F30-4ADB-9B2D-F33545270321}.Debug|Any CPU.Build.0 = Debug|Any CPU
		{A9E39224-3F30-4ADB-9B2D-F33545270321}.Release|Any CPU.ActiveCfg = Release|Any CPU
		{A9E39224-3F30-4ADB-9B2D-F33545270321}.Release|Any CPU.Build.0 = Release|Any CPU
		{5B55D1CF-0627-4B64-BD3F-9447855631BC}.Debug|Any CPU.ActiveCfg = Debug|Any CPU
		{5B55D1CF-0627-4B64-BD3F-9447855631BC}.Debug|Any CPU.Build.0 = Debug|Any CPU
		{5B55D1CF-0627-4B64-BD3F-9447855631BC}.Release|Any CPU.ActiveCfg = Release|Any CPU
		{5B55D1CF-0627-4B64-BD3F-9447855631BC}.Release|Any CPU.Build.0 = Release|Any CPU
		{4E84A87B-1B40-4995-966D-F7A6174D9B96}.Debug|Any CPU.ActiveCfg = Debug|Any CPU
		{4E84A87B-1B40-4995-966D-F7A6174D9B96}.Debug|Any CPU.Build.0 = Debug|Any CPU
		{4E84A87B-1B40-4995-966D-F7A6174D9B96}.Release|Any CPU.ActiveCfg = Release|Any CPU
		{4E84A87B-1B40-4995-966D-F7A6174D9B96}.Release|Any CPU.Build.0 = Release|Any CPU
		{A0A4947E-BC25-4906-A172-FDFDAA1D2F07}.Debug|Any CPU.ActiveCfg = Debug|Any CPU
		{A0A4947E-BC25-4906-A172-FDFDAA1D2F07}.Debug|Any CPU.Build.0 = Debug|Any CPU
		{A0A4947E-BC25-4906-A172-FDFDAA1D2F07}.Release|Any CPU.ActiveCfg = Release|Any CPU
		{A0A4947E-BC25-4906-A172-FDFDAA1D2F07}.Release|Any CPU.Build.0 = Release|Any CPU
		{55D8B26E-EF85-4067-8FB4-552EDBA46A09}.Debug|Any CPU.ActiveCfg = Debug|Any CPU
		{55D8B26E-EF85-4067-8FB4-552EDBA46A09}.Debug|Any CPU.Build.0 = Debug|Any CPU
		{55D8B26E-EF85-4067-8FB4-552EDBA46A09}.Release|Any CPU.ActiveCfg = Release|Any CPU
		{55D8B26E-EF85-4067-8FB4-552EDBA46A09}.Release|Any CPU.Build.0 = Release|Any CPU
		{FE4E905D-4B25-44B2-890B-B0388C29AA50}.Debug|Any CPU.ActiveCfg = Debug|Any CPU
		{FE4E905D-4B25-44B2-890B-B0388C29AA50}.Debug|Any CPU.Build.0 = Debug|Any CPU
		{FE4E905D-4B25-44B2-890B-B0388C29AA50}.Release|Any CPU.ActiveCfg = Release|Any CPU
		{FE4E905D-4B25-44B2-890B-B0388C29AA50}.Release|Any CPU.Build.0 = Release|Any CPU
	EndGlobalSection
	GlobalSection(SolutionProperties) = preSolution
		HideSolutionNode = FALSE
	EndGlobalSection
	GlobalSection(NestedProjects) = preSolution
		{A9E39224-3F30-4ADB-9B2D-F33545270321} = {76E03FE8-108C-4E84-B865-F2A217D5977D}
	EndGlobalSection
	GlobalSection(ExtensibilityGlobals) = postSolution
		SolutionGuid = {9C33334D-0A10-42CE-9A0D-CFE0326081D0}
	EndGlobalSection
EndGlobal
