
Microsoft Visual Studio Solution File, Format Version 12.00
# Visual Studio Version 17
VisualStudioVersion = 17.5.33530.505
MinimumVisualStudioVersion = 10.0.40219.1
Project("{2150E333-8FDC-42A3-9474-1A3956D46DE8}") = "Solution Items", "Solution Items", "{69250C16-6643-4BE4-803E-67563A9EBE24}"
	ProjectSection(SolutionItems) = preProject
		.dockerignore = .dockerignore
		.editorconfig = .editorconfig
		.gitattributes = .gitattributes
		.gitignore = .gitignore
		LICENSE = LICENSE
		README.md = README.md
	EndProjectSection
EndProject
Project("{2150E333-8FDC-42A3-9474-1A3956D46DE8}") = "Application", "Application", "{76E03FE8-108C-4E84-B865-F2A217D5977D}"
EndProject
Project("{9A19103F-16F7-4668-BE54-9A1E7A4F7556}") = "Vehicle.InsurancePolicies.API", "FileInsurancePolicies.API\Vehicle.InsurancePolicies.API.csproj", "{DD391389-3F5F-4B19-A67F-E44FD452007B}"
EndProject
Project("{9A19103F-16F7-4668-BE54-9A1E7A4F7556}") = "Vehicle.InsurancePolicies.Domain", "FileInsurancePolicies.Domain\Vehicle.InsurancePolicies.Domain.csproj", "{AB12CB8C-0221-441C-8D34-107C23A4A4BD}"
EndProject
Project("{9A19103F-16F7-4668-BE54-9A1E7A4F7556}") = "Vehicle.InsurancePolicies.Domain.Entities", "FileInsurancePolicies.Domain.Entities\Vehicle.InsurancePolicies.Domain.Entities.csproj", "{93AA6DA4-5254-458B-9D52-CEE4B16502D4}"
EndProject
Project("{9A19103F-16F7-4668-BE54-9A1E7A4F7556}") = "Vehicle.InsurancePolicies.Contracts", "FileInsurancePolicies.Contracts\Vehicle.InsurancePolicies.Contracts.csproj", "{637EA7CD-A05D-46F7-8809-3AD81F83E958}"
EndProject
Project("{9A19103F-16F7-4668-BE54-9A1E7A4F7556}") = "Vehicle.InsurancePolicies.Infrastructure", "FileInsurancePolicies.Infrastructure\Vehicle.InsurancePolicies.Infrastructure.csproj", "{C3ACBCC7-0F01-4E1F-82CC-ACC11EDC9ADE}"
EndProject
Project("{9A19103F-16F7-4668-BE54-9A1E7A4F7556}") = "Vehicle.InsurancePolicies.Tests", "FileInsurancePolicies.Tests\Vehicle.InsurancePolicies.Tests.csproj", "{B0986162-BFB1-469A-A087-0BF89AA98F76}"
EndProject
Global
	GlobalSection(SolutionConfigurationPlatforms) = preSolution
		Debug|Any CPU = Debug|Any CPU
		Release|Any CPU = Release|Any CPU
	EndGlobalSection
	GlobalSection(ProjectConfigurationPlatforms) = postSolution
		{DD391389-3F5F-4B19-A67F-E44FD452007B}.Debug|Any CPU.ActiveCfg = Debug|Any CPU
		{DD391389-3F5F-4B19-A67F-E44FD452007B}.Debug|Any CPU.Build.0 = Debug|Any CPU
		{DD391389-3F5F-4B19-A67F-E44FD452007B}.Release|Any CPU.ActiveCfg = Release|Any CPU
		{DD391389-3F5F-4B19-A67F-E44FD452007B}.Release|Any CPU.Build.0 = Release|Any CPU
		{AB12CB8C-0221-441C-8D34-107C23A4A4BD}.Debug|Any CPU.ActiveCfg = Debug|Any CPU
		{AB12CB8C-0221-441C-8D34-107C23A4A4BD}.Debug|Any CPU.Build.0 = Debug|Any CPU
		{AB12CB8C-0221-441C-8D34-107C23A4A4BD}.Release|Any CPU.ActiveCfg = Release|Any CPU
		{AB12CB8C-0221-441C-8D34-107C23A4A4BD}.Release|Any CPU.Build.0 = Release|Any CPU
		{93AA6DA4-5254-458B-9D52-CEE4B16502D4}.Debug|Any CPU.ActiveCfg = Debug|Any CPU
		{93AA6DA4-5254-458B-9D52-CEE4B16502D4}.Debug|Any CPU.Build.0 = Debug|Any CPU
		{93AA6DA4-5254-458B-9D52-CEE4B16502D4}.Release|Any CPU.ActiveCfg = Release|Any CPU
		{93AA6DA4-5254-458B-9D52-CEE4B16502D4}.Release|Any CPU.Build.0 = Release|Any CPU
		{637EA7CD-A05D-46F7-8809-3AD81F83E958}.Debug|Any CPU.ActiveCfg = Debug|Any CPU
		{637EA7CD-A05D-46F7-8809-3AD81F83E958}.Debug|Any CPU.Build.0 = Debug|Any CPU
		{637EA7CD-A05D-46F7-8809-3AD81F83E958}.Release|Any CPU.ActiveCfg = Release|Any CPU
		{637EA7CD-A05D-46F7-8809-3AD81F83E958}.Release|Any CPU.Build.0 = Release|Any CPU
		{C3ACBCC7-0F01-4E1F-82CC-ACC11EDC9ADE}.Debug|Any CPU.ActiveCfg = Debug|Any CPU
		{C3ACBCC7-0F01-4E1F-82CC-ACC11EDC9ADE}.Debug|Any CPU.Build.0 = Debug|Any CPU
		{C3ACBCC7-0F01-4E1F-82CC-ACC11EDC9ADE}.Release|Any CPU.ActiveCfg = Release|Any CPU
		{C3ACBCC7-0F01-4E1F-82CC-ACC11EDC9ADE}.Release|Any CPU.Build.0 = Release|Any CPU
		{B0986162-BFB1-469A-A087-0BF89AA98F76}.Debug|Any CPU.ActiveCfg = Debug|Any CPU
		{B0986162-BFB1-469A-A087-0BF89AA98F76}.Debug|Any CPU.Build.0 = Debug|Any CPU
		{B0986162-BFB1-469A-A087-0BF89AA98F76}.Release|Any CPU.ActiveCfg = Release|Any CPU
		{B0986162-BFB1-469A-A087-0BF89AA98F76}.Release|Any CPU.Build.0 = Release|Any CPU
	EndGlobalSection
	GlobalSection(SolutionProperties) = preSolution
		HideSolutionNode = FALSE
	EndGlobalSection
	GlobalSection(NestedProjects) = preSolution
		{DD391389-3F5F-4B19-A67F-E44FD452007B} = {76E03FE8-108C-4E84-B865-F2A217D5977D}
	EndGlobalSection
	GlobalSection(ExtensibilityGlobals) = postSolution
		SolutionGuid = {9C33334D-0A10-42CE-9A0D-CFE0326081D0}
	EndGlobalSection
EndGlobal
